{
  "name": "@robojs/extensions",
  "version": "1.0.0",
  "lockfileVersion": 1,
  "requires": true,
  "dependencies": {
    "@robojs/core": {
      "version": "file:../core",
      "requires": {
        "@robojs/internal": "file:../internal"
      },
      "dependencies": {
        "@robojs/internal": {
          "version": "file:../internal",
          "bundled": true
        }
      }
    },
    "@robojs/internal": {
      "version": "file:../internal"
    }
  }
}
